{
  "name": "nodeStudy",
  "version": "1.0.0",
  "lockfileVersion": 1,
  "requires": true,
  "dependencies": {
    "node": {
      "version": "13.10.1",
      "resolved": "https://registry.npm.taobao.org/node/download/node-13.10.1.tgz",
      "integrity": "sha1-k1f1Rb+7v5YWR1jC9vZgRhnGkEI=",
      "requires": {
        "node-bin-setup": "^1.0.0"
      }
    },
    "node-bin-setup": {
      "version": "1.0.6",
      "resolved": "https://registry.npm.taobao.org/node-bin-setup/download/node-bin-setup-1.0.6.tgz",
      "integrity": "sha1-S1ybuTfs5wLXBps2ynivRoRndSg="
    }
  }
}
